
Microsoft Visual Studio Solution File, Format Version 12.00
# Visual Studio 15
Project("{FAE04EC0-301F-11D3-BF4B-00C04F79EFBC}") = "Assembly-CSharp", "Assembly-CSharp.csproj", "{F8E77A07-D7CC-831A-BB26-843201048F62}"
EndProject
Project("{FAE04EC0-301F-11D3-BF4B-00C04F79EFBC}") = "Assembly-CSharp-firstpass", "Assembly-CSharp-firstpass.csproj", "{57278F5F-0B53-C742-0B42-E6B24D850EE9}"
EndProject
Project("{FAE04EC0-301F-11D3-BF4B-00C04F79EFBC}") = "Assembly-CSharp-Editor", "Assembly-CSharp-Editor.csproj", "{9427DBD7-5F64-5DCE-6708-6ED52CCDDA84}"
EndProject
Project("{FAE04EC0-301F-11D3-BF4B-00C04F79EFBC}") = "Assembly-CSharp-Editor-firstpass", "Assembly-CSharp-Editor-firstpass.csproj", "{6264B362-302D-FE26-5FDE-A07348DF790E}"
EndProject
Global
	GlobalSection(SolutionConfigurationPlatforms) = preSolution
		Debug|Any CPU = Debug|Any CPU
		Release|Any CPU = Release|Any CPU
	EndGlobalSection
	GlobalSection(ProjectConfigurationPlatforms) = postSolution
		{F8E77A07-D7CC-831A-BB26-843201048F62}.Debug|Any CPU.ActiveCfg = Debug|Any CPU
		{F8E77A07-D7CC-831A-BB26-843201048F62}.Debug|Any CPU.Build.0 = Debug|Any CPU
		{F8E77A07-D7CC-831A-BB26-843201048F62}.Release|Any CPU.ActiveCfg = Release|Any CPU
		{F8E77A07-D7CC-831A-BB26-843201048F62}.Release|Any CPU.Build.0 = Release|Any CPU
		{57278F5F-0B53-C742-0B42-E6B24D850EE9}.Debug|Any CPU.ActiveCfg = Debug|Any CPU
		{57278F5F-0B53-C742-0B42-E6B24D850EE9}.Debug|Any CPU.Build.0 = Debug|Any CPU
		{57278F5F-0B53-C742-0B42-E6B24D850EE9}.Release|Any CPU.ActiveCfg = Release|Any CPU
		{57278F5F-0B53-C742-0B42-E6B24D850EE9}.Release|Any CPU.Build.0 = Release|Any CPU
		{9427DBD7-5F64-5DCE-6708-6ED52CCDDA84}.Debug|Any CPU.ActiveCfg = Debug|Any CPU
		{9427DBD7-5F64-5DCE-6708-6ED52CCDDA84}.Debug|Any CPU.Build.0 = Debug|Any CPU
		{9427DBD7-5F64-5DCE-6708-6ED52CCDDA84}.Release|Any CPU.ActiveCfg = Release|Any CPU
		{9427DBD7-5F64-5DCE-6708-6ED52CCDDA84}.Release|Any CPU.Build.0 = Release|Any CPU
		{6264B362-302D-FE26-5FDE-A07348DF790E}.Debug|Any CPU.ActiveCfg = Debug|Any CPU
		{6264B362-302D-FE26-5FDE-A07348DF790E}.Debug|Any CPU.Build.0 = Debug|Any CPU
		{6264B362-302D-FE26-5FDE-A07348DF790E}.Release|Any CPU.ActiveCfg = Release|Any CPU
		{6264B362-302D-FE26-5FDE-A07348DF790E}.Release|Any CPU.Build.0 = Release|Any CPU
	EndGlobalSection
	GlobalSection(SolutionProperties) = preSolution
		HideSolutionNode = FALSE
	EndGlobalSection
EndGlobal
